# THIS IS AN AUTOGENERATED FILE. DO NOT EDIT THIS FILE DIRECTLY.
# yarn lockfile v1


"stoppable@^1.1.0":
  "integrity" "sha512-KXDYZ9dszj6bzvnEMRYvxgeTHU74QBFL54XKtP3nyMuJ81CFYtABZ3bAzL2EdFUaEwJOBOgENyFj3R7oTzDyyw=="
  "resolved" "https://registry.npmjs.org/stoppable/-/stoppable-1.1.0.tgz"
  "version" "1.1.0"
